
Microsoft Visual Studio Solution File, Format Version 12.00
# Visual Studio Version 17
VisualStudioVersion = 17.3.32825.248
MinimumVisualStudioVersion = 10.0.40219.1
Project("{FAE04EC0-301F-11D3-BF4B-00C04F79EFBC}") = "08-EjerciciosU8_ASP_MVC", "08-EjerciciosU8_ASP_MVC\08-EjerciciosU8_ASP_MVC.csproj", "{4EBF3B7E-4819-4609-9C6E-C1EE27B8FF25}"
EndProject
Global
	GlobalSection(SolutionConfigurationPlatforms) = preSolution
		Debug|Any CPU = Debug|Any CPU
		Release|Any CPU = Release|Any CPU
	EndGlobalSection
	GlobalSection(ProjectConfigurationPlatforms) = postSolution
		{4EBF3B7E-4819-4609-9C6E-C1EE27B8FF25}.Debug|Any CPU.ActiveCfg = Debug|Any CPU
		{4EBF3B7E-4819-4609-9C6E-C1EE27B8FF25}.Debug|Any CPU.Build.0 = Debug|Any CPU
		{4EBF3B7E-4819-4609-9C6E-C1EE27B8FF25}.Release|Any CPU.ActiveCfg = Release|Any CPU
		{4EBF3B7E-4819-4609-9C6E-C1EE27B8FF25}.Release|Any CPU.Build.0 = Release|Any CPU
	EndGlobalSection
	GlobalSection(SolutionProperties) = preSolution
		HideSolutionNode = FALSE
	EndGlobalSection
	GlobalSection(ExtensibilityGlobals) = postSolution
		SolutionGuid = {6C78990E-68BA-4AAA-822B-593B25E133F8}
	EndGlobalSection
EndGlobal
